
Microsoft Visual Studio Solution File, Format Version 12.00
# Visual Studio Version 17
VisualStudioVersion = 17.9.34701.34
MinimumVisualStudioVersion = 10.0.40219.1
Project("{FAE04EC0-301F-11D3-BF4B-00C04F79EFBC}") = "repaso_clasePresencial", "repaso_clasePresencial.csproj", "{23B36380-7669-42CD-9887-57DCFDD77A69}"
EndProject
Global
	GlobalSection(SolutionConfigurationPlatforms) = preSolution
		Debug|Any CPU = Debug|Any CPU
		Release|Any CPU = Release|Any CPU
	EndGlobalSection
	GlobalSection(ProjectConfigurationPlatforms) = postSolution
		{23B36380-7669-42CD-9887-57DCFDD77A69}.Debug|Any CPU.ActiveCfg = Debug|Any CPU
		{23B36380-7669-42CD-9887-57DCFDD77A69}.Debug|Any CPU.Build.0 = Debug|Any CPU
		{23B36380-7669-42CD-9887-57DCFDD77A69}.Release|Any CPU.ActiveCfg = Release|Any CPU
		{23B36380-7669-42CD-9887-57DCFDD77A69}.Release|Any CPU.Build.0 = Release|Any CPU
	EndGlobalSection
	GlobalSection(SolutionProperties) = preSolution
		HideSolutionNode = FALSE
	EndGlobalSection
	GlobalSection(ExtensibilityGlobals) = postSolution
		SolutionGuid = {88CA0E90-50B5-47B6-A97D-B3E0D5D8698A}
	EndGlobalSection
EndGlobal
