
Microsoft Visual Studio Solution File, Format Version 12.00
# Visual Studio Version 17
VisualStudioVersion = 17.9.34701.34
MinimumVisualStudioVersion = 10.0.40219.1
Project("{9A19103F-16F7-4668-BE54-9A1E7A4F7556}") = "ProyectoAuto", "..\ProyectoAuto\ProyectoAuto.csproj", "{B1598C88-0755-4083-94A0-E649C242B481}"
EndProject
Project("{9A19103F-16F7-4668-BE54-9A1E7A4F7556}") = "bibliotecaAuto2", "bibliotecaAuto2\bibliotecaAuto2.csproj", "{D2DE1141-DAF2-4694-9D00-1BC2C64E3C27}"
EndProject
Global
	GlobalSection(SolutionConfigurationPlatforms) = preSolution
		Debug|Any CPU = Debug|Any CPU
		Release|Any CPU = Release|Any CPU
	EndGlobalSection
	GlobalSection(ProjectConfigurationPlatforms) = postSolution
		{B1598C88-0755-4083-94A0-E649C242B481}.Debug|Any CPU.ActiveCfg = Debug|Any CPU
		{B1598C88-0755-4083-94A0-E649C242B481}.Debug|Any CPU.Build.0 = Debug|Any CPU
		{B1598C88-0755-4083-94A0-E649C242B481}.Release|Any CPU.ActiveCfg = Release|Any CPU
		{B1598C88-0755-4083-94A0-E649C242B481}.Release|Any CPU.Build.0 = Release|Any CPU
		{D2DE1141-DAF2-4694-9D00-1BC2C64E3C27}.Debug|Any CPU.ActiveCfg = Debug|Any CPU
		{D2DE1141-DAF2-4694-9D00-1BC2C64E3C27}.Debug|Any CPU.Build.0 = Debug|Any CPU
		{D2DE1141-DAF2-4694-9D00-1BC2C64E3C27}.Release|Any CPU.ActiveCfg = Release|Any CPU
		{D2DE1141-DAF2-4694-9D00-1BC2C64E3C27}.Release|Any CPU.Build.0 = Release|Any CPU
	EndGlobalSection
	GlobalSection(SolutionProperties) = preSolution
		HideSolutionNode = FALSE
	EndGlobalSection
	GlobalSection(ExtensibilityGlobals) = postSolution
		SolutionGuid = {108A11B6-2A2E-4575-BA49-81A81B8B8F00}
	EndGlobalSection
EndGlobal
