
Microsoft Visual Studio Solution File, Format Version 12.00
# Visual Studio Version 17
VisualStudioVersion = 17.9.34701.34
MinimumVisualStudioVersion = 10.0.40219.1
Project("{9A19103F-16F7-4668-BE54-9A1E7A4F7556}") = "Marian Rodriguez", "Marian Rodriguez.csproj", "{9CB3166A-4F12-423F-B32E-2E110CE048C1}"
EndProject
Project("{9A19103F-16F7-4668-BE54-9A1E7A4F7556}") = "Ej01", "..\Ej01\Ej01.csproj", "{270FC38C-866C-4704-A3F0-1718AB2E7371}"
EndProject
Project("{9A19103F-16F7-4668-BE54-9A1E7A4F7556}") = "Ej04", "..\Ej04\Ej04.csproj", "{780BA256-8E4E-47F7-BCC4-D7B18831EED2}"
EndProject
Project("{9A19103F-16F7-4668-BE54-9A1E7A4F7556}") = "Ej02", "..\Ej02\Ej02.csproj", "{C2D2B226-6F23-4585-BD80-120902FE355D}"
EndProject
Project("{9A19103F-16F7-4668-BE54-9A1E7A4F7556}") = "Ej03", "..\Ej03\Ej03.csproj", "{7AB87634-DEB7-421F-AB77-BE01597B8139}"
EndProject
Project("{9A19103F-16F7-4668-BE54-9A1E7A4F7556}") = "Ej05", "..\Ej05\Ej05.csproj", "{2EFD0180-3A5E-4DCB-9401-8CE4976E93E3}"
EndProject
Project("{9A19103F-16F7-4668-BE54-9A1E7A4F7556}") = "Ej07", "..\Ej07\Ej07.csproj", "{ED79581D-4886-4404-BB60-AC952FD0F055}"
EndProject
Project("{9A19103F-16F7-4668-BE54-9A1E7A4F7556}") = "Repaso_clasePresencial_Colecciones", "..\Repaso_clasePresencial_Colecciones\Repaso_clasePresencial_Colecciones.csproj", "{13FF0355-C899-449F-958D-EE06A8D070E2}"
EndProject
Project("{9A19103F-16F7-4668-BE54-9A1E7A4F7556}") = "libreria_Calzado", "..\libreria_Calzado\libreria_Calzado.csproj", "{516C6949-14F5-408B-A52E-D3378882124D}"
EndProject
Project("{9A19103F-16F7-4668-BE54-9A1E7A4F7556}") = "strings01", "..\strings01\strings01.csproj", "{40C1285D-FCF4-432A-82EE-E5171691B2FB}"
EndProject
Project("{9A19103F-16F7-4668-BE54-9A1E7A4F7556}") = "strings02", "..\strings02\strings02.csproj", "{1CBE390F-36B0-4B0D-A010-1A7A7608DD6C}"
EndProject
Project("{9A19103F-16F7-4668-BE54-9A1E7A4F7556}") = "strings03", "..\strings03\strings03.csproj", "{1FAEC217-A801-47E9-B889-7EF06CDA514A}"
EndProject
Project("{9A19103F-16F7-4668-BE54-9A1E7A4F7556}") = "strings04", "..\strings04\strings04.csproj", "{C3D25A8B-6534-4935-AF80-1D39D2DBC478}"
EndProject
Project("{9A19103F-16F7-4668-BE54-9A1E7A4F7556}") = "strings05", "..\strings05\strings05.csproj", "{69E126E9-A195-4079-A445-D701ABBFA427}"
EndProject
Project("{9A19103F-16F7-4668-BE54-9A1E7A4F7556}") = "funciones01", "..\funciones01\funciones01.csproj", "{82D18B6A-990F-4A7B-B364-4F6BCD4D02A1}"
EndProject
Project("{9A19103F-16F7-4668-BE54-9A1E7A4F7556}") = "PrimerFormulario", "..\PrimerFormulario\PrimerFormulario.csproj", "{0275520F-44BB-4EFD-B8D1-7726B8977F1A}"
EndProject
Project("{9A19103F-16F7-4668-BE54-9A1E7A4F7556}") = "Funciones02", "..\Funciones02\Funciones02.csproj", "{2AAE9AD5-91FE-41F3-A26D-D2654F403480}"
EndProject
Project("{9A19103F-16F7-4668-BE54-9A1E7A4F7556}") = "FormularioAuto", "..\FormAuto\FormularioAuto.csproj", "{B5BCD481-227F-490E-832E-26CA822BDBF2}"
EndProject
Project("{9A19103F-16F7-4668-BE54-9A1E7A4F7556}") = "LibreriaAuto", "..\LibreriaAuto\LibreriaAuto.csproj", "{5FF1AAD7-A53F-44E0-814B-2B7A41CAF080}"
EndProject
Project("{9A19103F-16F7-4668-BE54-9A1E7A4F7556}") = "PrimeraEvaluacion", "..\PrimeraEvaluacion\PrimeraEvaluacion.csproj", "{DE6E7B18-F123-4340-828F-1F11D75C708C}"
EndProject
Project("{9A19103F-16F7-4668-BE54-9A1E7A4F7556}") = "Estudiante", "..\Estudiante\Estudiante.csproj", "{3964DE74-B666-4B18-A99E-56227A2D659E}"
EndProject
Project("{9A19103F-16F7-4668-BE54-9A1E7A4F7556}") = "BibliotecaEstudiante", "..\BibliotecaEstudiante\BibliotecaEstudiante.csproj", "{C5FE548D-B710-49E7-8809-5B5113DF23E4}"
EndProject
Project("{FAE04EC0-301F-11D3-BF4B-00C04F79EFBC}") = "Testeo_Colectivo", "..\Testeo_Colectivo\Testeo_Colectivo.csproj", "{613948D3-F294-4C99-ADEA-A352DA4BFA74}"
EndProject
Project("{FAE04EC0-301F-11D3-BF4B-00C04F79EFBC}") = "Libreria_Colectivo", "..\Libreria_Colectivo\Libreria_Colectivo.csproj", "{ECBE100C-A127-47D6-BBBA-FC6FD7931CB6}"
EndProject
Project("{FAE04EC0-301F-11D3-BF4B-00C04F79EFBC}") = "Libreria_Funciones", "..\Libreria_Funciones\Libreria_Funciones.csproj", "{17E184D6-ABE2-4B0A-908F-2EB3F460D13C}"
EndProject
Global
	GlobalSection(SolutionConfigurationPlatforms) = preSolution
		Debug|Any CPU = Debug|Any CPU
		Release|Any CPU = Release|Any CPU
	EndGlobalSection
	GlobalSection(ProjectConfigurationPlatforms) = postSolution
		{9CB3166A-4F12-423F-B32E-2E110CE048C1}.Debug|Any CPU.ActiveCfg = Debug|Any CPU
		{9CB3166A-4F12-423F-B32E-2E110CE048C1}.Debug|Any CPU.Build.0 = Debug|Any CPU
		{9CB3166A-4F12-423F-B32E-2E110CE048C1}.Release|Any CPU.ActiveCfg = Release|Any CPU
		{9CB3166A-4F12-423F-B32E-2E110CE048C1}.Release|Any CPU.Build.0 = Release|Any CPU
		{270FC38C-866C-4704-A3F0-1718AB2E7371}.Debug|Any CPU.ActiveCfg = Debug|Any CPU
		{270FC38C-866C-4704-A3F0-1718AB2E7371}.Debug|Any CPU.Build.0 = Debug|Any CPU
		{270FC38C-866C-4704-A3F0-1718AB2E7371}.Release|Any CPU.ActiveCfg = Release|Any CPU
		{270FC38C-866C-4704-A3F0-1718AB2E7371}.Release|Any CPU.Build.0 = Release|Any CPU
		{780BA256-8E4E-47F7-BCC4-D7B18831EED2}.Debug|Any CPU.ActiveCfg = Debug|Any CPU
		{780BA256-8E4E-47F7-BCC4-D7B18831EED2}.Debug|Any CPU.Build.0 = Debug|Any CPU
		{780BA256-8E4E-47F7-BCC4-D7B18831EED2}.Release|Any CPU.ActiveCfg = Release|Any CPU
		{780BA256-8E4E-47F7-BCC4-D7B18831EED2}.Release|Any CPU.Build.0 = Release|Any CPU
		{C2D2B226-6F23-4585-BD80-120902FE355D}.Debug|Any CPU.ActiveCfg = Debug|Any CPU
		{C2D2B226-6F23-4585-BD80-120902FE355D}.Debug|Any CPU.Build.0 = Debug|Any CPU
		{C2D2B226-6F23-4585-BD80-120902FE355D}.Release|Any CPU.ActiveCfg = Release|Any CPU
		{C2D2B226-6F23-4585-BD80-120902FE355D}.Release|Any CPU.Build.0 = Release|Any CPU
		{7AB87634-DEB7-421F-AB77-BE01597B8139}.Debug|Any CPU.ActiveCfg = Debug|Any CPU
		{7AB87634-DEB7-421F-AB77-BE01597B8139}.Debug|Any CPU.Build.0 = Debug|Any CPU
		{7AB87634-DEB7-421F-AB77-BE01597B8139}.Release|Any CPU.ActiveCfg = Release|Any CPU
		{7AB87634-DEB7-421F-AB77-BE01597B8139}.Release|Any CPU.Build.0 = Release|Any CPU
		{2EFD0180-3A5E-4DCB-9401-8CE4976E93E3}.Debug|Any CPU.ActiveCfg = Debug|Any CPU
		{2EFD0180-3A5E-4DCB-9401-8CE4976E93E3}.Debug|Any CPU.Build.0 = Debug|Any CPU
		{2EFD0180-3A5E-4DCB-9401-8CE4976E93E3}.Release|Any CPU.ActiveCfg = Release|Any CPU
		{2EFD0180-3A5E-4DCB-9401-8CE4976E93E3}.Release|Any CPU.Build.0 = Release|Any CPU
		{ED79581D-4886-4404-BB60-AC952FD0F055}.Debug|Any CPU.ActiveCfg = Debug|Any CPU
		{ED79581D-4886-4404-BB60-AC952FD0F055}.Debug|Any CPU.Build.0 = Debug|Any CPU
		{ED79581D-4886-4404-BB60-AC952FD0F055}.Release|Any CPU.ActiveCfg = Release|Any CPU
		{ED79581D-4886-4404-BB60-AC952FD0F055}.Release|Any CPU.Build.0 = Release|Any CPU
		{13FF0355-C899-449F-958D-EE06A8D070E2}.Debug|Any CPU.ActiveCfg = Debug|Any CPU
		{13FF0355-C899-449F-958D-EE06A8D070E2}.Debug|Any CPU.Build.0 = Debug|Any CPU
		{13FF0355-C899-449F-958D-EE06A8D070E2}.Release|Any CPU.ActiveCfg = Release|Any CPU
		{13FF0355-C899-449F-958D-EE06A8D070E2}.Release|Any CPU.Build.0 = Release|Any CPU
		{516C6949-14F5-408B-A52E-D3378882124D}.Debug|Any CPU.ActiveCfg = Debug|Any CPU
		{516C6949-14F5-408B-A52E-D3378882124D}.Debug|Any CPU.Build.0 = Debug|Any CPU
		{516C6949-14F5-408B-A52E-D3378882124D}.Release|Any CPU.ActiveCfg = Release|Any CPU
		{516C6949-14F5-408B-A52E-D3378882124D}.Release|Any CPU.Build.0 = Release|Any CPU
		{40C1285D-FCF4-432A-82EE-E5171691B2FB}.Debug|Any CPU.ActiveCfg = Debug|Any CPU
		{40C1285D-FCF4-432A-82EE-E5171691B2FB}.Debug|Any CPU.Build.0 = Debug|Any CPU
		{40C1285D-FCF4-432A-82EE-E5171691B2FB}.Release|Any CPU.ActiveCfg = Release|Any CPU
		{40C1285D-FCF4-432A-82EE-E5171691B2FB}.Release|Any CPU.Build.0 = Release|Any CPU
		{1CBE390F-36B0-4B0D-A010-1A7A7608DD6C}.Debug|Any CPU.ActiveCfg = Debug|Any CPU
		{1CBE390F-36B0-4B0D-A010-1A7A7608DD6C}.Debug|Any CPU.Build.0 = Debug|Any CPU
		{1CBE390F-36B0-4B0D-A010-1A7A7608DD6C}.Release|Any CPU.ActiveCfg = Release|Any CPU
		{1CBE390F-36B0-4B0D-A010-1A7A7608DD6C}.Release|Any CPU.Build.0 = Release|Any CPU
		{1FAEC217-A801-47E9-B889-7EF06CDA514A}.Debug|Any CPU.ActiveCfg = Debug|Any CPU
		{1FAEC217-A801-47E9-B889-7EF06CDA514A}.Debug|Any CPU.Build.0 = Debug|Any CPU
		{1FAEC217-A801-47E9-B889-7EF06CDA514A}.Release|Any CPU.ActiveCfg = Release|Any CPU
		{1FAEC217-A801-47E9-B889-7EF06CDA514A}.Release|Any CPU.Build.0 = Release|Any CPU
		{C3D25A8B-6534-4935-AF80-1D39D2DBC478}.Debug|Any CPU.ActiveCfg = Debug|Any CPU
		{C3D25A8B-6534-4935-AF80-1D39D2DBC478}.Debug|Any CPU.Build.0 = Debug|Any CPU
		{C3D25A8B-6534-4935-AF80-1D39D2DBC478}.Release|Any CPU.ActiveCfg = Release|Any CPU
		{C3D25A8B-6534-4935-AF80-1D39D2DBC478}.Release|Any CPU.Build.0 = Release|Any CPU
		{69E126E9-A195-4079-A445-D701ABBFA427}.Debug|Any CPU.ActiveCfg = Debug|Any CPU
		{69E126E9-A195-4079-A445-D701ABBFA427}.Debug|Any CPU.Build.0 = Debug|Any CPU
		{69E126E9-A195-4079-A445-D701ABBFA427}.Release|Any CPU.ActiveCfg = Release|Any CPU
		{69E126E9-A195-4079-A445-D701ABBFA427}.Release|Any CPU.Build.0 = Release|Any CPU
		{82D18B6A-990F-4A7B-B364-4F6BCD4D02A1}.Debug|Any CPU.ActiveCfg = Debug|Any CPU
		{82D18B6A-990F-4A7B-B364-4F6BCD4D02A1}.Debug|Any CPU.Build.0 = Debug|Any CPU
		{82D18B6A-990F-4A7B-B364-4F6BCD4D02A1}.Release|Any CPU.ActiveCfg = Release|Any CPU
		{82D18B6A-990F-4A7B-B364-4F6BCD4D02A1}.Release|Any CPU.Build.0 = Release|Any CPU
		{0275520F-44BB-4EFD-B8D1-7726B8977F1A}.Debug|Any CPU.ActiveCfg = Debug|Any CPU
		{0275520F-44BB-4EFD-B8D1-7726B8977F1A}.Debug|Any CPU.Build.0 = Debug|Any CPU
		{0275520F-44BB-4EFD-B8D1-7726B8977F1A}.Release|Any CPU.ActiveCfg = Release|Any CPU
		{0275520F-44BB-4EFD-B8D1-7726B8977F1A}.Release|Any CPU.Build.0 = Release|Any CPU
		{2AAE9AD5-91FE-41F3-A26D-D2654F403480}.Debug|Any CPU.ActiveCfg = Debug|Any CPU
		{2AAE9AD5-91FE-41F3-A26D-D2654F403480}.Debug|Any CPU.Build.0 = Debug|Any CPU
		{2AAE9AD5-91FE-41F3-A26D-D2654F403480}.Release|Any CPU.ActiveCfg = Release|Any CPU
		{2AAE9AD5-91FE-41F3-A26D-D2654F403480}.Release|Any CPU.Build.0 = Release|Any CPU
		{B5BCD481-227F-490E-832E-26CA822BDBF2}.Debug|Any CPU.ActiveCfg = Debug|Any CPU
		{B5BCD481-227F-490E-832E-26CA822BDBF2}.Debug|Any CPU.Build.0 = Debug|Any CPU
		{B5BCD481-227F-490E-832E-26CA822BDBF2}.Release|Any CPU.ActiveCfg = Release|Any CPU
		{B5BCD481-227F-490E-832E-26CA822BDBF2}.Release|Any CPU.Build.0 = Release|Any CPU
		{5FF1AAD7-A53F-44E0-814B-2B7A41CAF080}.Debug|Any CPU.ActiveCfg = Debug|Any CPU
		{5FF1AAD7-A53F-44E0-814B-2B7A41CAF080}.Debug|Any CPU.Build.0 = Debug|Any CPU
		{5FF1AAD7-A53F-44E0-814B-2B7A41CAF080}.Release|Any CPU.ActiveCfg = Release|Any CPU
		{5FF1AAD7-A53F-44E0-814B-2B7A41CAF080}.Release|Any CPU.Build.0 = Release|Any CPU
		{DE6E7B18-F123-4340-828F-1F11D75C708C}.Debug|Any CPU.ActiveCfg = Debug|Any CPU
		{DE6E7B18-F123-4340-828F-1F11D75C708C}.Debug|Any CPU.Build.0 = Debug|Any CPU
		{DE6E7B18-F123-4340-828F-1F11D75C708C}.Release|Any CPU.ActiveCfg = Release|Any CPU
		{DE6E7B18-F123-4340-828F-1F11D75C708C}.Release|Any CPU.Build.0 = Release|Any CPU
		{3964DE74-B666-4B18-A99E-56227A2D659E}.Debug|Any CPU.ActiveCfg = Debug|Any CPU
		{3964DE74-B666-4B18-A99E-56227A2D659E}.Debug|Any CPU.Build.0 = Debug|Any CPU
		{3964DE74-B666-4B18-A99E-56227A2D659E}.Release|Any CPU.ActiveCfg = Release|Any CPU
		{3964DE74-B666-4B18-A99E-56227A2D659E}.Release|Any CPU.Build.0 = Release|Any CPU
		{C5FE548D-B710-49E7-8809-5B5113DF23E4}.Debug|Any CPU.ActiveCfg = Debug|Any CPU
		{C5FE548D-B710-49E7-8809-5B5113DF23E4}.Debug|Any CPU.Build.0 = Debug|Any CPU
		{C5FE548D-B710-49E7-8809-5B5113DF23E4}.Release|Any CPU.ActiveCfg = Release|Any CPU
		{C5FE548D-B710-49E7-8809-5B5113DF23E4}.Release|Any CPU.Build.0 = Release|Any CPU
		{613948D3-F294-4C99-ADEA-A352DA4BFA74}.Debug|Any CPU.ActiveCfg = Debug|Any CPU
		{613948D3-F294-4C99-ADEA-A352DA4BFA74}.Debug|Any CPU.Build.0 = Debug|Any CPU
		{613948D3-F294-4C99-ADEA-A352DA4BFA74}.Release|Any CPU.ActiveCfg = Release|Any CPU
		{613948D3-F294-4C99-ADEA-A352DA4BFA74}.Release|Any CPU.Build.0 = Release|Any CPU
		{ECBE100C-A127-47D6-BBBA-FC6FD7931CB6}.Debug|Any CPU.ActiveCfg = Debug|Any CPU
		{ECBE100C-A127-47D6-BBBA-FC6FD7931CB6}.Debug|Any CPU.Build.0 = Debug|Any CPU
		{ECBE100C-A127-47D6-BBBA-FC6FD7931CB6}.Release|Any CPU.ActiveCfg = Release|Any CPU
		{ECBE100C-A127-47D6-BBBA-FC6FD7931CB6}.Release|Any CPU.Build.0 = Release|Any CPU
		{17E184D6-ABE2-4B0A-908F-2EB3F460D13C}.Debug|Any CPU.ActiveCfg = Debug|Any CPU
		{17E184D6-ABE2-4B0A-908F-2EB3F460D13C}.Debug|Any CPU.Build.0 = Debug|Any CPU
		{17E184D6-ABE2-4B0A-908F-2EB3F460D13C}.Release|Any CPU.ActiveCfg = Release|Any CPU
		{17E184D6-ABE2-4B0A-908F-2EB3F460D13C}.Release|Any CPU.Build.0 = Release|Any CPU
	EndGlobalSection
	GlobalSection(SolutionProperties) = preSolution
		HideSolutionNode = FALSE
	EndGlobalSection
	GlobalSection(ExtensibilityGlobals) = postSolution
		SolutionGuid = {B82C2904-C3A9-45E7-8A2F-B83D84FD0F50}
	EndGlobalSection
EndGlobal
