
Microsoft Visual Studio Solution File, Format Version 12.00
# Visual Studio Version 17
VisualStudioVersion = 17.9.34701.34
MinimumVisualStudioVersion = 10.0.40219.1
Project("{9A19103F-16F7-4668-BE54-9A1E7A4F7556}") = "Marian Rodriguez", "Marian Rodriguez.csproj", "{9CB3166A-4F12-423F-B32E-2E110CE048C1}"
EndProject
Project("{9A19103F-16F7-4668-BE54-9A1E7A4F7556}") = "Ej01", "..\Ej01\Ej01.csproj", "{270FC38C-866C-4704-A3F0-1718AB2E7371}"
EndProject
Project("{9A19103F-16F7-4668-BE54-9A1E7A4F7556}") = "Ej04", "..\Ej04\Ej04.csproj", "{780BA256-8E4E-47F7-BCC4-D7B18831EED2}"
EndProject
Project("{9A19103F-16F7-4668-BE54-9A1E7A4F7556}") = "Ej02", "..\Ej02\Ej02.csproj", "{C2D2B226-6F23-4585-BD80-120902FE355D}"
EndProject
Project("{9A19103F-16F7-4668-BE54-9A1E7A4F7556}") = "Ej03", "..\Ej03\Ej03.csproj", "{7AB87634-DEB7-421F-AB77-BE01597B8139}"
EndProject
Project("{9A19103F-16F7-4668-BE54-9A1E7A4F7556}") = "Ej05", "..\Ej05\Ej05.csproj", "{2EFD0180-3A5E-4DCB-9401-8CE4976E93E3}"
EndProject
Project("{FAE04EC0-301F-11D3-BF4B-00C04F79EFBC}") = "Ej07", "..\Ej07\Ej07.csproj", "{ED79581D-4886-4404-BB60-AC952FD0F055}"
EndProject
Global
	GlobalSection(SolutionConfigurationPlatforms) = preSolution
		Debug|Any CPU = Debug|Any CPU
		Release|Any CPU = Release|Any CPU
	EndGlobalSection
	GlobalSection(ProjectConfigurationPlatforms) = postSolution
		{9CB3166A-4F12-423F-B32E-2E110CE048C1}.Debug|Any CPU.ActiveCfg = Debug|Any CPU
		{9CB3166A-4F12-423F-B32E-2E110CE048C1}.Debug|Any CPU.Build.0 = Debug|Any CPU
		{9CB3166A-4F12-423F-B32E-2E110CE048C1}.Release|Any CPU.ActiveCfg = Release|Any CPU
		{9CB3166A-4F12-423F-B32E-2E110CE048C1}.Release|Any CPU.Build.0 = Release|Any CPU
		{270FC38C-866C-4704-A3F0-1718AB2E7371}.Debug|Any CPU.ActiveCfg = Debug|Any CPU
		{270FC38C-866C-4704-A3F0-1718AB2E7371}.Debug|Any CPU.Build.0 = Debug|Any CPU
		{270FC38C-866C-4704-A3F0-1718AB2E7371}.Release|Any CPU.ActiveCfg = Release|Any CPU
		{270FC38C-866C-4704-A3F0-1718AB2E7371}.Release|Any CPU.Build.0 = Release|Any CPU
		{780BA256-8E4E-47F7-BCC4-D7B18831EED2}.Debug|Any CPU.ActiveCfg = Debug|Any CPU
		{780BA256-8E4E-47F7-BCC4-D7B18831EED2}.Debug|Any CPU.Build.0 = Debug|Any CPU
		{780BA256-8E4E-47F7-BCC4-D7B18831EED2}.Release|Any CPU.ActiveCfg = Release|Any CPU
		{780BA256-8E4E-47F7-BCC4-D7B18831EED2}.Release|Any CPU.Build.0 = Release|Any CPU
		{C2D2B226-6F23-4585-BD80-120902FE355D}.Debug|Any CPU.ActiveCfg = Debug|Any CPU
		{C2D2B226-6F23-4585-BD80-120902FE355D}.Debug|Any CPU.Build.0 = Debug|Any CPU
		{C2D2B226-6F23-4585-BD80-120902FE355D}.Release|Any CPU.ActiveCfg = Release|Any CPU
		{C2D2B226-6F23-4585-BD80-120902FE355D}.Release|Any CPU.Build.0 = Release|Any CPU
		{7AB87634-DEB7-421F-AB77-BE01597B8139}.Debug|Any CPU.ActiveCfg = Debug|Any CPU
		{7AB87634-DEB7-421F-AB77-BE01597B8139}.Debug|Any CPU.Build.0 = Debug|Any CPU
		{7AB87634-DEB7-421F-AB77-BE01597B8139}.Release|Any CPU.ActiveCfg = Release|Any CPU
		{7AB87634-DEB7-421F-AB77-BE01597B8139}.Release|Any CPU.Build.0 = Release|Any CPU
		{2EFD0180-3A5E-4DCB-9401-8CE4976E93E3}.Debug|Any CPU.ActiveCfg = Debug|Any CPU
		{2EFD0180-3A5E-4DCB-9401-8CE4976E93E3}.Debug|Any CPU.Build.0 = Debug|Any CPU
		{2EFD0180-3A5E-4DCB-9401-8CE4976E93E3}.Release|Any CPU.ActiveCfg = Release|Any CPU
		{2EFD0180-3A5E-4DCB-9401-8CE4976E93E3}.Release|Any CPU.Build.0 = Release|Any CPU
		{ED79581D-4886-4404-BB60-AC952FD0F055}.Debug|Any CPU.ActiveCfg = Debug|Any CPU
		{ED79581D-4886-4404-BB60-AC952FD0F055}.Debug|Any CPU.Build.0 = Debug|Any CPU
		{ED79581D-4886-4404-BB60-AC952FD0F055}.Release|Any CPU.ActiveCfg = Release|Any CPU
		{ED79581D-4886-4404-BB60-AC952FD0F055}.Release|Any CPU.Build.0 = Release|Any CPU
	EndGlobalSection
	GlobalSection(SolutionProperties) = preSolution
		HideSolutionNode = FALSE
	EndGlobalSection
	GlobalSection(ExtensibilityGlobals) = postSolution
		SolutionGuid = {B82C2904-C3A9-45E7-8A2F-B83D84FD0F50}
	EndGlobalSection
EndGlobal
