
Microsoft Visual Studio Solution File, Format Version 12.00
# Visual Studio Version 17
VisualStudioVersion = 17.9.34701.34
MinimumVisualStudioVersion = 10.0.40219.1
Project("{9A19103F-16F7-4668-BE54-9A1E7A4F7556}") = "Marian Rodriguez", "Marian Rodriguez.csproj", "{9CB3166A-4F12-423F-B32E-2E110CE048C1}"
EndProject
Project("{9A19103F-16F7-4668-BE54-9A1E7A4F7556}") = "Ej01", "..\Ej01\Ej01.csproj", "{270FC38C-866C-4704-A3F0-1718AB2E7371}"
EndProject
Project("{9A19103F-16F7-4668-BE54-9A1E7A4F7556}") = "Ej04", "..\Ej04\Ej04.csproj", "{780BA256-8E4E-47F7-BCC4-D7B18831EED2}"
EndProject
Project("{9A19103F-16F7-4668-BE54-9A1E7A4F7556}") = "Ej02", "..\Ej02\Ej02.csproj", "{C2D2B226-6F23-4585-BD80-120902FE355D}"
EndProject
Project("{9A19103F-16F7-4668-BE54-9A1E7A4F7556}") = "Ej03", "..\Ej03\Ej03.csproj", "{7AB87634-DEB7-421F-AB77-BE01597B8139}"
EndProject
Project("{9A19103F-16F7-4668-BE54-9A1E7A4F7556}") = "Ej05", "..\Ej05\Ej05.csproj", "{2EFD0180-3A5E-4DCB-9401-8CE4976E93E3}"
EndProject
Project("{9A19103F-16F7-4668-BE54-9A1E7A4F7556}") = "Ej07", "..\Ej07\Ej07.csproj", "{ED79581D-4886-4404-BB60-AC952FD0F055}"
EndProject
Project("{9A19103F-16F7-4668-BE54-9A1E7A4F7556}") = "Repaso_clasePresencial_Colecciones", "..\Repaso_clasePresencial_Colecciones\Repaso_clasePresencial_Colecciones.csproj", "{13FF0355-C899-449F-958D-EE06A8D070E2}"
EndProject
Project("{FAE04EC0-301F-11D3-BF4B-00C04F79EFBC}") = "Calzado", "..\Celular\Calzado.csproj", "{679E3926-CB3F-4619-818D-6F1D141DC49B}"
EndProject
Project("{9A19103F-16F7-4668-BE54-9A1E7A4F7556}") = "Colectivo", "..\colectivo\Colectivo.csproj", "{751C8748-DF88-421A-890A-F3651611BC8B}"
EndProject
Project("{9A19103F-16F7-4668-BE54-9A1E7A4F7556}") = "biblioteca_colectivo", "..\biblioteca_colectivo\biblioteca_colectivo.csproj", "{23EAC381-72B5-4750-8635-005E39691031}"
EndProject
Project("{9A19103F-16F7-4668-BE54-9A1E7A4F7556}") = "Testeo_Colectivos", "..\Testeo_Colectivos\Testeo_Colectivos.csproj", "{75AB5616-8F43-4161-BA3F-EA5C193E1A31}"
EndProject
Project("{9A19103F-16F7-4668-BE54-9A1E7A4F7556}") = "Testeo_Calzado", "..\Testeo_Calzado\Testeo_Calzado.csproj", "{2722046A-BAC1-43B6-B2EA-DA063889C658}"
EndProject
Project("{9A19103F-16F7-4668-BE54-9A1E7A4F7556}") = "libreria_Calzado", "..\libreria_Calzado\libreria_Calzado.csproj", "{516C6949-14F5-408B-A52E-D3378882124D}"
EndProject
Project("{9A19103F-16F7-4668-BE54-9A1E7A4F7556}") = "strings01", "..\strings01\strings01.csproj", "{40C1285D-FCF4-432A-82EE-E5171691B2FB}"
EndProject
Project("{9A19103F-16F7-4668-BE54-9A1E7A4F7556}") = "strings02", "..\strings02\strings02.csproj", "{1CBE390F-36B0-4B0D-A010-1A7A7608DD6C}"
EndProject
Project("{9A19103F-16F7-4668-BE54-9A1E7A4F7556}") = "strings03", "..\strings03\strings03.csproj", "{1FAEC217-A801-47E9-B889-7EF06CDA514A}"
EndProject
Project("{9A19103F-16F7-4668-BE54-9A1E7A4F7556}") = "strings04", "..\strings04\strings04.csproj", "{C3D25A8B-6534-4935-AF80-1D39D2DBC478}"
EndProject
Project("{FAE04EC0-301F-11D3-BF4B-00C04F79EFBC}") = "strings05", "..\strings05\strings05.csproj", "{69E126E9-A195-4079-A445-D701ABBFA427}"
EndProject
Global
	GlobalSection(SolutionConfigurationPlatforms) = preSolution
		Debug|Any CPU = Debug|Any CPU
		Release|Any CPU = Release|Any CPU
	EndGlobalSection
	GlobalSection(ProjectConfigurationPlatforms) = postSolution
		{9CB3166A-4F12-423F-B32E-2E110CE048C1}.Debug|Any CPU.ActiveCfg = Debug|Any CPU
		{9CB3166A-4F12-423F-B32E-2E110CE048C1}.Debug|Any CPU.Build.0 = Debug|Any CPU
		{9CB3166A-4F12-423F-B32E-2E110CE048C1}.Release|Any CPU.ActiveCfg = Release|Any CPU
		{9CB3166A-4F12-423F-B32E-2E110CE048C1}.Release|Any CPU.Build.0 = Release|Any CPU
		{270FC38C-866C-4704-A3F0-1718AB2E7371}.Debug|Any CPU.ActiveCfg = Debug|Any CPU
		{270FC38C-866C-4704-A3F0-1718AB2E7371}.Debug|Any CPU.Build.0 = Debug|Any CPU
		{270FC38C-866C-4704-A3F0-1718AB2E7371}.Release|Any CPU.ActiveCfg = Release|Any CPU
		{270FC38C-866C-4704-A3F0-1718AB2E7371}.Release|Any CPU.Build.0 = Release|Any CPU
		{780BA256-8E4E-47F7-BCC4-D7B18831EED2}.Debug|Any CPU.ActiveCfg = Debug|Any CPU
		{780BA256-8E4E-47F7-BCC4-D7B18831EED2}.Debug|Any CPU.Build.0 = Debug|Any CPU
		{780BA256-8E4E-47F7-BCC4-D7B18831EED2}.Release|Any CPU.ActiveCfg = Release|Any CPU
		{780BA256-8E4E-47F7-BCC4-D7B18831EED2}.Release|Any CPU.Build.0 = Release|Any CPU
		{C2D2B226-6F23-4585-BD80-120902FE355D}.Debug|Any CPU.ActiveCfg = Debug|Any CPU
		{C2D2B226-6F23-4585-BD80-120902FE355D}.Debug|Any CPU.Build.0 = Debug|Any CPU
		{C2D2B226-6F23-4585-BD80-120902FE355D}.Release|Any CPU.ActiveCfg = Release|Any CPU
		{C2D2B226-6F23-4585-BD80-120902FE355D}.Release|Any CPU.Build.0 = Release|Any CPU
		{7AB87634-DEB7-421F-AB77-BE01597B8139}.Debug|Any CPU.ActiveCfg = Debug|Any CPU
		{7AB87634-DEB7-421F-AB77-BE01597B8139}.Debug|Any CPU.Build.0 = Debug|Any CPU
		{7AB87634-DEB7-421F-AB77-BE01597B8139}.Release|Any CPU.ActiveCfg = Release|Any CPU
		{7AB87634-DEB7-421F-AB77-BE01597B8139}.Release|Any CPU.Build.0 = Release|Any CPU
		{2EFD0180-3A5E-4DCB-9401-8CE4976E93E3}.Debug|Any CPU.ActiveCfg = Debug|Any CPU
		{2EFD0180-3A5E-4DCB-9401-8CE4976E93E3}.Debug|Any CPU.Build.0 = Debug|Any CPU
		{2EFD0180-3A5E-4DCB-9401-8CE4976E93E3}.Release|Any CPU.ActiveCfg = Release|Any CPU
		{2EFD0180-3A5E-4DCB-9401-8CE4976E93E3}.Release|Any CPU.Build.0 = Release|Any CPU
		{ED79581D-4886-4404-BB60-AC952FD0F055}.Debug|Any CPU.ActiveCfg = Debug|Any CPU
		{ED79581D-4886-4404-BB60-AC952FD0F055}.Debug|Any CPU.Build.0 = Debug|Any CPU
		{ED79581D-4886-4404-BB60-AC952FD0F055}.Release|Any CPU.ActiveCfg = Release|Any CPU
		{ED79581D-4886-4404-BB60-AC952FD0F055}.Release|Any CPU.Build.0 = Release|Any CPU
		{13FF0355-C899-449F-958D-EE06A8D070E2}.Debug|Any CPU.ActiveCfg = Debug|Any CPU
		{13FF0355-C899-449F-958D-EE06A8D070E2}.Debug|Any CPU.Build.0 = Debug|Any CPU
		{13FF0355-C899-449F-958D-EE06A8D070E2}.Release|Any CPU.ActiveCfg = Release|Any CPU
		{13FF0355-C899-449F-958D-EE06A8D070E2}.Release|Any CPU.Build.0 = Release|Any CPU
		{679E3926-CB3F-4619-818D-6F1D141DC49B}.Debug|Any CPU.ActiveCfg = Debug|Any CPU
		{679E3926-CB3F-4619-818D-6F1D141DC49B}.Debug|Any CPU.Build.0 = Debug|Any CPU
		{679E3926-CB3F-4619-818D-6F1D141DC49B}.Release|Any CPU.ActiveCfg = Release|Any CPU
		{679E3926-CB3F-4619-818D-6F1D141DC49B}.Release|Any CPU.Build.0 = Release|Any CPU
		{751C8748-DF88-421A-890A-F3651611BC8B}.Debug|Any CPU.ActiveCfg = Debug|Any CPU
		{751C8748-DF88-421A-890A-F3651611BC8B}.Debug|Any CPU.Build.0 = Debug|Any CPU
		{751C8748-DF88-421A-890A-F3651611BC8B}.Release|Any CPU.ActiveCfg = Release|Any CPU
		{751C8748-DF88-421A-890A-F3651611BC8B}.Release|Any CPU.Build.0 = Release|Any CPU
		{23EAC381-72B5-4750-8635-005E39691031}.Debug|Any CPU.ActiveCfg = Debug|Any CPU
		{23EAC381-72B5-4750-8635-005E39691031}.Debug|Any CPU.Build.0 = Debug|Any CPU
		{23EAC381-72B5-4750-8635-005E39691031}.Release|Any CPU.ActiveCfg = Release|Any CPU
		{23EAC381-72B5-4750-8635-005E39691031}.Release|Any CPU.Build.0 = Release|Any CPU
		{75AB5616-8F43-4161-BA3F-EA5C193E1A31}.Debug|Any CPU.ActiveCfg = Debug|Any CPU
		{75AB5616-8F43-4161-BA3F-EA5C193E1A31}.Debug|Any CPU.Build.0 = Debug|Any CPU
		{75AB5616-8F43-4161-BA3F-EA5C193E1A31}.Release|Any CPU.ActiveCfg = Release|Any CPU
		{75AB5616-8F43-4161-BA3F-EA5C193E1A31}.Release|Any CPU.Build.0 = Release|Any CPU
		{2722046A-BAC1-43B6-B2EA-DA063889C658}.Debug|Any CPU.ActiveCfg = Debug|Any CPU
		{2722046A-BAC1-43B6-B2EA-DA063889C658}.Debug|Any CPU.Build.0 = Debug|Any CPU
		{2722046A-BAC1-43B6-B2EA-DA063889C658}.Release|Any CPU.ActiveCfg = Release|Any CPU
		{2722046A-BAC1-43B6-B2EA-DA063889C658}.Release|Any CPU.Build.0 = Release|Any CPU
		{516C6949-14F5-408B-A52E-D3378882124D}.Debug|Any CPU.ActiveCfg = Debug|Any CPU
		{516C6949-14F5-408B-A52E-D3378882124D}.Debug|Any CPU.Build.0 = Debug|Any CPU
		{516C6949-14F5-408B-A52E-D3378882124D}.Release|Any CPU.ActiveCfg = Release|Any CPU
		{516C6949-14F5-408B-A52E-D3378882124D}.Release|Any CPU.Build.0 = Release|Any CPU
		{40C1285D-FCF4-432A-82EE-E5171691B2FB}.Debug|Any CPU.ActiveCfg = Debug|Any CPU
		{40C1285D-FCF4-432A-82EE-E5171691B2FB}.Debug|Any CPU.Build.0 = Debug|Any CPU
		{40C1285D-FCF4-432A-82EE-E5171691B2FB}.Release|Any CPU.ActiveCfg = Release|Any CPU
		{40C1285D-FCF4-432A-82EE-E5171691B2FB}.Release|Any CPU.Build.0 = Release|Any CPU
		{1CBE390F-36B0-4B0D-A010-1A7A7608DD6C}.Debug|Any CPU.ActiveCfg = Debug|Any CPU
		{1CBE390F-36B0-4B0D-A010-1A7A7608DD6C}.Debug|Any CPU.Build.0 = Debug|Any CPU
		{1CBE390F-36B0-4B0D-A010-1A7A7608DD6C}.Release|Any CPU.ActiveCfg = Release|Any CPU
		{1CBE390F-36B0-4B0D-A010-1A7A7608DD6C}.Release|Any CPU.Build.0 = Release|Any CPU
		{1FAEC217-A801-47E9-B889-7EF06CDA514A}.Debug|Any CPU.ActiveCfg = Debug|Any CPU
		{1FAEC217-A801-47E9-B889-7EF06CDA514A}.Debug|Any CPU.Build.0 = Debug|Any CPU
		{1FAEC217-A801-47E9-B889-7EF06CDA514A}.Release|Any CPU.ActiveCfg = Release|Any CPU
		{1FAEC217-A801-47E9-B889-7EF06CDA514A}.Release|Any CPU.Build.0 = Release|Any CPU
		{C3D25A8B-6534-4935-AF80-1D39D2DBC478}.Debug|Any CPU.ActiveCfg = Debug|Any CPU
		{C3D25A8B-6534-4935-AF80-1D39D2DBC478}.Debug|Any CPU.Build.0 = Debug|Any CPU
		{C3D25A8B-6534-4935-AF80-1D39D2DBC478}.Release|Any CPU.ActiveCfg = Release|Any CPU
		{C3D25A8B-6534-4935-AF80-1D39D2DBC478}.Release|Any CPU.Build.0 = Release|Any CPU
		{69E126E9-A195-4079-A445-D701ABBFA427}.Debug|Any CPU.ActiveCfg = Debug|Any CPU
		{69E126E9-A195-4079-A445-D701ABBFA427}.Debug|Any CPU.Build.0 = Debug|Any CPU
		{69E126E9-A195-4079-A445-D701ABBFA427}.Release|Any CPU.ActiveCfg = Release|Any CPU
		{69E126E9-A195-4079-A445-D701ABBFA427}.Release|Any CPU.Build.0 = Release|Any CPU
	EndGlobalSection
	GlobalSection(SolutionProperties) = preSolution
		HideSolutionNode = FALSE
	EndGlobalSection
	GlobalSection(ExtensibilityGlobals) = postSolution
		SolutionGuid = {B82C2904-C3A9-45E7-8A2F-B83D84FD0F50}
	EndGlobalSection
EndGlobal
